// !$*UTF8*$!
{
	archiveVersion = 1;
	classes = {
	};
	objectVersion = 46;
	objects = {

/* Begin PBXBuildFile section */
		E60309B91A3018800004C44A /* libGoogleAdMobAds.a in Frameworks */ = {isa = PBXBuildFile; fileRef = E60309B81A30187F0004C44A /* libGoogleAdMobAds.a */; };
		E617CC1E1A308F54009C7E97 /* AdSupport.framework in Frameworks */ = {isa = PBXBuildFile; fileRef = E617CC1C1A308F54009C7E97 /* AdSupport.framework */; };
		E617CC1F1A308F54009C7E97 /* iAd.framework in Frameworks */ = {isa = PBXBuildFile; fileRef = E617CC1D1A308F54009C7E97 /* iAd.framework */; };
		E61F4ABB1A29BA4900845AD9 /* Lanuch_640.png in Resources */ = {isa = PBXBuildFile; fileRef = E61F4AB71A29BA4900845AD9 /* Lanuch_640.png */; };
		E61F4ABC1A29BA4900845AD9 /* Launch_ 1242.png in Resources */ = {isa = PBXBuildFile; fileRef = E61F4AB81A29BA4900845AD9 /* Launch_ 1242.png */; };
		E61F4ABD1A29BA4900845AD9 /* Launch_750.png in Resources */ = {isa = PBXBuildFile; fileRef = E61F4AB91A29BA4900845AD9 /* Launch_750.png */; };
		E61F4ABE1A29BA4900845AD9 /* Launch_1136.png in Resources */ = {isa = PBXBuildFile; fileRef = E61F4ABA1A29BA4900845AD9 /* Launch_1136.png */; };
		E63EDEBB1A10B30000DC8C57 /* MapKit.framework in Frameworks */ = {isa = PBXBuildFile; fileRef = E63EDEBA1A10B30000DC8C57 /* MapKit.framework */; };
		E63EDEC01A10B3EA00DC8C57 /* CLLocation+YCLocation.m in Sources */ = {isa = PBXBuildFile; fileRef = E63EDEBE1A10B3EA00DC8C57 /* CLLocation+YCLocation.m */; };
		E63EDEC11A10B3EA00DC8C57 /* CustomLoction.swift in Sources */ = {isa = PBXBuildFile; fileRef = E63EDEBF1A10B3EA00DC8C57 /* CustomLoction.swift */; };
		E63EDEC31A10C3E300DC8C57 /* WayPoint.swift in Sources */ = {isa = PBXBuildFile; fileRef = E63EDEC21A10C3E300DC8C57 /* WayPoint.swift */; };
		E67578281A21AE1100B78F77 /* phone.png in Resources */ = {isa = PBXBuildFile; fileRef = E67578261A21AE1100B78F77 /* phone.png */; };
		E67578291A21AE1100B78F77 /* phone@2x.png in Resources */ = {isa = PBXBuildFile; fileRef = E67578271A21AE1100B78F77 /* phone@2x.png */; };
		E675782C1A21AF5000B78F77 /* LogInToolClass.swift in Sources */ = {isa = PBXBuildFile; fileRef = E675782B1A21AF5000B78F77 /* LogInToolClass.swift */; };
		E67EA43A1A2086E1004A9590 /* Icon_58.png in Resources */ = {isa = PBXBuildFile; fileRef = E67EA4351A2086E1004A9590 /* Icon_58.png */; };
		E67EA43B1A2086E1004A9590 /* Icon_80.png in Resources */ = {isa = PBXBuildFile; fileRef = E67EA4361A2086E1004A9590 /* Icon_80.png */; };
		E67EA43C1A2086E1004A9590 /* Icon_87.png in Resources */ = {isa = PBXBuildFile; fileRef = E67EA4371A2086E1004A9590 /* Icon_87.png */; };
		E67EA43D1A2086E1004A9590 /* Icon_120.png in Resources */ = {isa = PBXBuildFile; fileRef = E67EA4381A2086E1004A9590 /* Icon_120.png */; };
		E67EA43E1A2086E1004A9590 /* Icon_180.png in Resources */ = {isa = PBXBuildFile; fileRef = E67EA4391A2086E1004A9590 /* Icon_180.png */; };
		E67EA4401A208980004A9590 /* location.png in Resources */ = {isa = PBXBuildFile; fileRef = E67EA43F1A208980004A9590 /* location.png */; };
		E67EA4621A209309004A9590 /* GuidePageViewController.swift in Sources */ = {isa = PBXBuildFile; fileRef = E67EA4611A209309004A9590 /* GuidePageViewController.swift */; };
		E68278CF1A22D3DC00779406 /* CreateBlurIntroductionPlanels.m in Sources */ = {isa = PBXBuildFile; fileRef = E68278C21A22D3DC00779406 /* CreateBlurIntroductionPlanels.m */; };
		E68278D01A22D3DC00779406 /* CheckMarkWhite.png in Resources */ = {isa = PBXBuildFile; fileRef = E68278C41A22D3DC00779406 /* CheckMarkWhite.png */; };
		E68278D11A22D3DC00779406 /* ForkImage.png in Resources */ = {isa = PBXBuildFile; fileRef = E68278C51A22D3DC00779406 /* ForkImage.png */; };
		E68278D21A22D3DC00779406 /* HeaderImage.png in Resources */ = {isa = PBXBuildFile; fileRef = E68278C61A22D3DC00779406 /* HeaderImage.png */; };
		E68278D31A22D3DC00779406 /* Toronto, ON.jpg in Resources */ = {isa = PBXBuildFile; fileRef = E68278C71A22D3DC00779406 /* Toronto, ON.jpg */; };
		E68278D41A22D3DC00779406 /* AMBlurView.m in Sources */ = {isa = PBXBuildFile; fileRef = E68278CA1A22D3DC00779406 /* AMBlurView.m */; };
		E68278D51A22D3DC00779406 /* MYBlurIntroductionView.m in Sources */ = {isa = PBXBuildFile; fileRef = E68278CC1A22D3DC00779406 /* MYBlurIntroductionView.m */; };
		E68278D61A22D3DC00779406 /* MYIntroductionPanel.m in Sources */ = {isa = PBXBuildFile; fileRef = E68278CE1A22D3DC00779406 /* MYIntroductionPanel.m */; };
		E68278D91A22D40000779406 /* PanelOfGuide.xib in Resources */ = {isa = PBXBuildFile; fileRef = E68278D71A22D40000779406 /* PanelOfGuide.xib */; };
		E68278DA1A22D40000779406 /* PanelOfGuideHeader.xib in Resources */ = {isa = PBXBuildFile; fileRef = E68278D81A22D40000779406 /* PanelOfGuideHeader.xib */; };
		E68278E11A23004600779406 /* lose.png in Resources */ = {isa = PBXBuildFile; fileRef = E68278E01A23004600779406 /* lose.png */; };
		E68278E31A23040E00779406 /* call.png in Resources */ = {isa = PBXBuildFile; fileRef = E68278E21A23040E00779406 /* call.png */; };
		E68278E51A2307EC00779406 /* Icon_Navition.png in Resources */ = {isa = PBXBuildFile; fileRef = E68278E41A2307EC00779406 /* Icon_Navition.png */; };
		E68278ED1A23159F00779406 /* Map_ChangedMapType1.png in Resources */ = {isa = PBXBuildFile; fileRef = E68278E71A23159F00779406 /* Map_ChangedMapType1.png */; };
		E68278EE1A23159F00779406 /* Map_ChangedMapType2.png in Resources */ = {isa = PBXBuildFile; fileRef = E68278E81A23159F00779406 /* Map_ChangedMapType2.png */; };
		E68278EF1A23159F00779406 /* Map_compass.png in Resources */ = {isa = PBXBuildFile; fileRef = E68278E91A23159F00779406 /* Map_compass.png */; };
		E68278F01A23159F00779406 /* Map_compass@2x.png in Resources */ = {isa = PBXBuildFile; fileRef = E68278EA1A23159F00779406 /* Map_compass@2x.png */; };
		E68278F11A23159F00779406 /* Map_Following.png in Resources */ = {isa = PBXBuildFile; fileRef = E68278EB1A23159F00779406 /* Map_Following.png */; };
		E68278F21A23159F00779406 /* Map_Following@2x.png in Resources */ = {isa = PBXBuildFile; fileRef = E68278EC1A23159F00779406 /* Map_Following@2x.png */; };
		E68401EB1A21B91C0045652B /* AddressBook.framework in Frameworks */ = {isa = PBXBuildFile; fileRef = E68401EA1A21B91C0045652B /* AddressBook.framework */; };
		E68401ED1A21B9220045652B /* AddressBookUI.framework in Frameworks */ = {isa = PBXBuildFile; fileRef = E68401EC1A21B9220045652B /* AddressBookUI.framework */; };
		E68401F01A21B9540045652B /* GainAddressBookClass.swift in Sources */ = {isa = PBXBuildFile; fileRef = E68401EF1A21B9540045652B /* GainAddressBookClass.swift */; };
		E68401F31A21BD980045652B /* ShowAddressBookTableView.swift in Sources */ = {isa = PBXBuildFile; fileRef = E68401F21A21BD980045652B /* ShowAddressBookTableView.swift */; };
		E68401FD1A21BE600045652B /* BOAlertController.m in Sources */ = {isa = PBXBuildFile; fileRef = E68401F61A21BE600045652B /* BOAlertController.m */; };
		E68401FE1A21BE600045652B /* RIButtonItem.m in Sources */ = {isa = PBXBuildFile; fileRef = E68401F81A21BE600045652B /* RIButtonItem.m */; };
		E68401FF1A21BE600045652B /* UIActionSheet+Blocks.m in Sources */ = {isa = PBXBuildFile; fileRef = E68401FA1A21BE600045652B /* UIActionSheet+Blocks.m */; };
		E68402001A21BE600045652B /* UIAlertView+Blocks.m in Sources */ = {isa = PBXBuildFile; fileRef = E68401FC1A21BE600045652B /* UIAlertView+Blocks.m */; };
		E68A0CC71A2467BA0042B52E /* CallWIthOneKeyClass.swift in Sources */ = {isa = PBXBuildFile; fileRef = E68A0CC61A2467BA0042B52E /* CallWIthOneKeyClass.swift */; };
		E68A0CC91A246C460042B52E /* warning.png in Resources */ = {isa = PBXBuildFile; fileRef = E68A0CC81A246C460042B52E /* warning.png */; };
		E68A0CCE1A247BA90042B52E /* panle3_1.png in Resources */ = {isa = PBXBuildFile; fileRef = E68A0CCC1A247BA90042B52E /* panle3_1.png */; };
		E68A0CCF1A247BA90042B52E /* panle3.png in Resources */ = {isa = PBXBuildFile; fileRef = E68A0CCD1A247BA90042B52E /* panle3.png */; };
		E68A0CD11A247C440042B52E /* panle3_2.png in Resources */ = {isa = PBXBuildFile; fileRef = E68A0CD01A247C440042B52E /* panle3_2.png */; };
		E694E10B1A2431C700A11391 /* LocationAnnotation.png in Resources */ = {isa = PBXBuildFile; fileRef = E694E10A1A2431C700A11391 /* LocationAnnotation.png */; };
		E69BC2AF1A2210F200B0D17B /* ChineseString.m in Sources */ = {isa = PBXBuildFile; fileRef = E69BC2AC1A2210F200B0D17B /* ChineseString.m */; };
		E69BC2B01A2210F200B0D17B /* pinyin.c in Sources */ = {isa = PBXBuildFile; fileRef = E69BC2AD1A2210F200B0D17B /* pinyin.c */; };
		E6A0D1531A13237B00CCCFE7 /* MapOperation.swift in Sources */ = {isa = PBXBuildFile; fileRef = E6A0D1521A13237B00CCCFE7 /* MapOperation.swift */; };
		E6A97F3A19FFB35400FA060A /* AppDelegate.swift in Sources */ = {isa = PBXBuildFile; fileRef = E6A97F3919FFB35400FA060A /* AppDelegate.swift */; };
		E6A97F3D19FFB35400FA060A /* RememberRoad.xcdatamodeld in Sources */ = {isa = PBXBuildFile; fileRef = E6A97F3B19FFB35400FA060A /* RememberRoad.xcdatamodeld */; };
		E6A97F3F19FFB35400FA060A /* ViewController.swift in Sources */ = {isa = PBXBuildFile; fileRef = E6A97F3E19FFB35400FA060A /* ViewController.swift */; };
		E6A97F4219FFB35400FA060A /* Main.storyboard in Resources */ = {isa = PBXBuildFile; fileRef = E6A97F4019FFB35400FA060A /* Main.storyboard */; };
		E6A97F4419FFB35400FA060A /* Images.xcassets in Resources */ = {isa = PBXBuildFile; fileRef = E6A97F4319FFB35400FA060A /* Images.xcassets */; };
		E6A97F5319FFB35400FA060A /* RememberRoadTests.swift in Sources */ = {isa = PBXBuildFile; fileRef = E6A97F5219FFB35400FA060A /* RememberRoadTests.swift */; };
		E6A97FBF19FFBB6A00FA060A /* CoreDataOperation.swift in Sources */ = {isa = PBXBuildFile; fileRef = E6A97FA419FFBB6A00FA060A /* CoreDataOperation.swift */; };
		E6A97FC019FFBB6A00FA060A /* DetectionNetworkStatus.m in Sources */ = {isa = PBXBuildFile; fileRef = E6A97FA719FFBB6A00FA060A /* DetectionNetworkStatus.m */; };
		E6A97FC119FFBB6A00FA060A /* Reachability.m in Sources */ = {isa = PBXBuildFile; fileRef = E6A97FA919FFBB6A00FA060A /* Reachability.m */; };
		E6A97FC219FFBB6A00FA060A /* UIColor+StyleColor.m in Sources */ = {isa = PBXBuildFile; fileRef = E6A97FAD19FFBB6A00FA060A /* UIColor+StyleColor.m */; };
		E6A97FC319FFBB6A00FA060A /* NZAlertView-Icons.bundle in Resources */ = {isa = PBXBuildFile; fileRef = E6A97FAE19FFBB6A00FA060A /* NZAlertView-Icons.bundle */; };
		E6A97FC419FFBB6A00FA060A /* NZAlertView.m in Sources */ = {isa = PBXBuildFile; fileRef = E6A97FB019FFBB6A00FA060A /* NZAlertView.m */; };
		E6A97FC519FFBB6A00FA060A /* UIImage+Blur.m in Sources */ = {isa = PBXBuildFile; fileRef = E6A97FB519FFBB6A00FA060A /* UIImage+Blur.m */; };
		E6A97FC619FFBB6A00FA060A /* UIImage+ImageWithColor.m in Sources */ = {isa = PBXBuildFile; fileRef = E6A97FB719FFBB6A00FA060A /* UIImage+ImageWithColor.m */; };
		E6A97FC719FFBB6A00FA060A /* UIImage+Screenshot.m in Sources */ = {isa = PBXBuildFile; fileRef = E6A97FB919FFBB6A00FA060A /* UIImage+Screenshot.m */; };
		E6A97FC819FFBB6A00FA060A /* NZAlertView.xib in Resources */ = {isa = PBXBuildFile; fileRef = E6A97FBC19FFBB6A00FA060A /* NZAlertView.xib */; };
		E6A97FD819FFBFFD00FA060A /* CoreLocation.framework in Frameworks */ = {isa = PBXBuildFile; fileRef = E6A97FD719FFBFFD00FA060A /* CoreLocation.framework */; };
		E6A97FDC19FFC00800FA060A /* OpenGLES.framework in Frameworks */ = {isa = PBXBuildFile; fileRef = E6A97FDB19FFC00800FA060A /* OpenGLES.framework */; };
		E6A97FDE19FFC00E00FA060A /* SystemConfiguration.framework in Frameworks */ = {isa = PBXBuildFile; fileRef = E6A97FDD19FFC00E00FA060A /* SystemConfiguration.framework */; };
		E6A97FE019FFC01300FA060A /* CoreGraphics.framework in Frameworks */ = {isa = PBXBuildFile; fileRef = E6A97FDF19FFC01300FA060A /* CoreGraphics.framework */; };
		E6B288D81A14A7360053A845 /* CusMapOverlay.swift in Sources */ = {isa = PBXBuildFile; fileRef = E6B288D71A14A7360053A845 /* CusMapOverlay.swift */; };
		E6B607301A2DAAB10047C3CE /* ExtensionWithNSSting.swift in Sources */ = {isa = PBXBuildFile; fileRef = E6B6072F1A2DAAB10047C3CE /* ExtensionWithNSSting.swift */; };
		E6B7E3471A2C023E004CA582 /* go_2.png in Resources */ = {isa = PBXBuildFile; fileRef = E6B7E3461A2C023E004CA582 /* go_2.png */; };
		E6B7E3491A2C0650004CA582 /* stop_2.png in Resources */ = {isa = PBXBuildFile; fileRef = E6B7E3481A2C0650004CA582 /* stop_2.png */; };
		E6B7E34B1A2C0B6E004CA582 /* setting.png in Resources */ = {isa = PBXBuildFile; fileRef = E6B7E34A1A2C0B6E004CA582 /* setting.png */; };
		E6B7E34D1A2C0FFF004CA582 /* SettingViewController.swift in Sources */ = {isa = PBXBuildFile; fileRef = E6B7E34C1A2C0FFF004CA582 /* SettingViewController.swift */; };
		E6BA55331A2178590015AD1D /* location_end.png in Resources */ = {isa = PBXBuildFile; fileRef = E6BA552F1A2178590015AD1D /* location_end.png */; };
		E6BA55341A2178590015AD1D /* location_end@2x.png in Resources */ = {isa = PBXBuildFile; fileRef = E6BA55301A2178590015AD1D /* location_end@2x.png */; };
		E6BA55351A2178590015AD1D /* location_start.png in Resources */ = {isa = PBXBuildFile; fileRef = E6BA55311A2178590015AD1D /* location_start.png */; };
		E6BA55361A2178590015AD1D /* location_start@2x.png in Resources */ = {isa = PBXBuildFile; fileRef = E6BA55321A2178590015AD1D /* location_start@2x.png */; };
		E6BA553C1A217ED90015AD1D /* AddCusAnnotation.swift in Sources */ = {isa = PBXBuildFile; fileRef = E6BA553B1A217ED90015AD1D /* AddCusAnnotation.swift */; };
		E6EC555E1A3158430002A5AD /* LaunchScreen.xib in Resources */ = {isa = PBXBuildFile; fileRef = E6EC55601A3158430002A5AD /* LaunchScreen.xib */; };
		E6EC55651A3158690002A5AD /* InfoPlist.strings in Resources */ = {isa = PBXBuildFile; fileRef = E6EC55671A3158690002A5AD /* InfoPlist.strings */; };
		E6EC556F1A3158A60002A5AD /* Localizable.strings in Resources */ = {isa = PBXBuildFile; fileRef = E6EC55711A3158A60002A5AD /* Localizable.strings */; };
		E6F314251A020EDA0003CA9F /* UserCoreDataManage.swift in Sources */ = {isa = PBXBuildFile; fileRef = E6F314241A020EDA0003CA9F /* UserCoreDataManage.swift */; };
/* End PBXBuildFile section */

/* Begin PBXContainerItemProxy section */
		E6A97F4D19FFB35400FA060A /* PBXContainerItemProxy */ = {
			isa = PBXContainerItemProxy;
			containerPortal = E6A97F2C19FFB35400FA060A /* Project object */;
			proxyType = 1;
			remoteGlobalIDString = E6A97F3319FFB35400FA060A;
			remoteInfo = RememberRoad;
		};
/* End PBXContainerItemProxy section */

/* Begin PBXFileReference section */
		E603099B1A30187F0004C44A /* DFPBannerView.h */ = {isa = PBXFileReference; fileEncoding = 4; lastKnownFileType = sourcecode.c.h; path = DFPBannerView.h; sourceTree = "<group>"; };
		E603099C1A30187F0004C44A /* DFPExtras.h */ = {isa = PBXFileReference; fileEncoding = 4; lastKnownFileType = sourcecode.c.h; path = DFPExtras.h; sourceTree = "<group>"; };
		E603099D1A30187F0004C44A /* DFPInterstitial.h */ = {isa = PBXFileReference; fileEncoding = 4; lastKnownFileType = sourcecode.c.h; path = DFPInterstitial.h; sourceTree = "<group>"; };
		E603099E1A30187F0004C44A /* DFPSwipeableBannerView.h */ = {isa = PBXFileReference; fileEncoding = 4; lastKnownFileType = sourcecode.c.h; path = DFPSwipeableBannerView.h; sourceTree = "<group>"; };
		E603099F1A30187F0004C44A /* GADAdSizeDelegate.h */ = {isa = PBXFileReference; fileEncoding = 4; lastKnownFileType = sourcecode.c.h; path = GADAdSizeDelegate.h; sourceTree = "<group>"; };
		E60309A01A30187F0004C44A /* GADAppEventDelegate.h */ = {isa = PBXFileReference; fileEncoding = 4; lastKnownFileType = sourcecode.c.h; path = GADAppEventDelegate.h; sourceTree = "<group>"; };
		E60309A11A30187F0004C44A /* GADSwipeableBannerViewDelegate.h */ = {isa = PBXFileReference; fileEncoding = 4; lastKnownFileType = sourcecode.c.h; path = GADSwipeableBannerViewDelegate.h; sourceTree = "<group>"; };
		E60309A31A30187F0004C44A /* GADCustomEventBanner.h */ = {isa = PBXFileReference; fileEncoding = 4; lastKnownFileType = sourcecode.c.h; path = GADCustomEventBanner.h; sourceTree = "<group>"; };
		E60309A41A30187F0004C44A /* GADCustomEventBannerDelegate.h */ = {isa = PBXFileReference; fileEncoding = 4; lastKnownFileType = sourcecode.c.h; path = GADCustomEventBannerDelegate.h; sourceTree = "<group>"; };
		E60309A51A30187F0004C44A /* GADCustomEventExtras.h */ = {isa = PBXFileReference; fileEncoding = 4; lastKnownFileType = sourcecode.c.h; path = GADCustomEventExtras.h; sourceTree = "<group>"; };
		E60309A61A30187F0004C44A /* GADCustomEventInterstitial.h */ = {isa = PBXFileReference; fileEncoding = 4; lastKnownFileType = sourcecode.c.h; path = GADCustomEventInterstitial.h; sourceTree = "<group>"; };
		E60309A71A30187F0004C44A /* GADCustomEventInterstitialDelegate.h */ = {isa = PBXFileReference; fileEncoding = 4; lastKnownFileType = sourcecode.c.h; path = GADCustomEventInterstitialDelegate.h; sourceTree = "<group>"; };
		E60309A81A30187F0004C44A /* GADCustomEventRequest.h */ = {isa = PBXFileReference; fileEncoding = 4; lastKnownFileType = sourcecode.c.h; path = GADCustomEventRequest.h; sourceTree = "<group>"; };
		E60309AA1A30187F0004C44A /* GADSearchBannerView.h */ = {isa = PBXFileReference; fileEncoding = 4; lastKnownFileType = sourcecode.c.h; path = GADSearchBannerView.h; sourceTree = "<group>"; };
		E60309AB1A30187F0004C44A /* GADSearchRequest.h */ = {isa = PBXFileReference; fileEncoding = 4; lastKnownFileType = sourcecode.c.h; path = GADSearchRequest.h; sourceTree = "<group>"; };
		E60309AC1A30187F0004C44A /* GADAdMobExtras.h */ = {isa = PBXFileReference; fileEncoding = 4; lastKnownFileType = sourcecode.c.h; path = GADAdMobExtras.h; sourceTree = "<group>"; };
		E60309AD1A30187F0004C44A /* GADAdNetworkExtras.h */ = {isa = PBXFileReference; fileEncoding = 4; lastKnownFileType = sourcecode.c.h; path = GADAdNetworkExtras.h; sourceTree = "<group>"; };
		E60309AE1A30187F0004C44A /* GADAdSize.h */ = {isa = PBXFileReference; fileEncoding = 4; lastKnownFileType = sourcecode.c.h; path = GADAdSize.h; sourceTree = "<group>"; };
		E60309AF1A30187F0004C44A /* GADBannerView.h */ = {isa = PBXFileReference; fileEncoding = 4; lastKnownFileType = sourcecode.c.h; path = GADBannerView.h; sourceTree = "<group>"; };
		E60309B01A30187F0004C44A /* GADBannerViewDelegate.h */ = {isa = PBXFileReference; fileEncoding = 4; lastKnownFileType = sourcecode.c.h; path = GADBannerViewDelegate.h; sourceTree = "<group>"; };
		E60309B11A30187F0004C44A /* GADInAppPurchase.h */ = {isa = PBXFileReference; fileEncoding = 4; lastKnownFileType = sourcecode.c.h; path = GADInAppPurchase.h; sourceTree = "<group>"; };
		E60309B21A30187F0004C44A /* GADInAppPurchaseDelegate.h */ = {isa = PBXFileReference; fileEncoding = 4; lastKnownFileType = sourcecode.c.h; path = GADInAppPurchaseDelegate.h; sourceTree = "<group>"; };
		E60309B31A30187F0004C44A /* GADInterstitial.h */ = {isa = PBXFileReference; fileEncoding = 4; lastKnownFileType = sourcecode.c.h; path = GADInterstitial.h; sourceTree = "<group>"; };
		E60309B41A30187F0004C44A /* GADInterstitialDelegate.h */ = {isa = PBXFileReference; fileEncoding = 4; lastKnownFileType = sourcecode.c.h; path = GADInterstitialDelegate.h; sourceTree = "<group>"; };
		E60309B51A30187F0004C44A /* GADModules.h */ = {isa = PBXFileReference; fileEncoding = 4; lastKnownFileType = sourcecode.c.h; path = GADModules.h; sourceTree = "<group>"; };
		E60309B61A30187F0004C44A /* GADRequest.h */ = {isa = PBXFileReference; fileEncoding = 4; lastKnownFileType = sourcecode.c.h; path = GADRequest.h; sourceTree = "<group>"; };
		E60309B71A30187F0004C44A /* GADRequestError.h */ = {isa = PBXFileReference; fileEncoding = 4; lastKnownFileType = sourcecode.c.h; path = GADRequestError.h; sourceTree = "<group>"; };
		E60309B81A30187F0004C44A /* libGoogleAdMobAds.a */ = {isa = PBXFileReference; lastKnownFileType = archive.ar; path = libGoogleAdMobAds.a; sourceTree = "<group>"; };
		E617CC1C1A308F54009C7E97 /* AdSupport.framework */ = {isa = PBXFileReference; lastKnownFileType = wrapper.framework; name = AdSupport.framework; path = System/Library/Frameworks/AdSupport.framework; sourceTree = SDKROOT; };
		E617CC1D1A308F54009C7E97 /* iAd.framework */ = {isa = PBXFileReference; lastKnownFileType = wrapper.framework; name = iAd.framework; path = System/Library/Frameworks/iAd.framework; sourceTree = SDKROOT; };
		E61F4AB71A29BA4900845AD9 /* Lanuch_640.png */ = {isa = PBXFileReference; lastKnownFileType = image.png; name = Lanuch_640.png; path = Image/Lanuch_640.png; sourceTree = "<group>"; };
		E61F4AB81A29BA4900845AD9 /* Launch_ 1242.png */ = {isa = PBXFileReference; lastKnownFileType = image.png; name = "Launch_ 1242.png"; path = "Image/Launch_ 1242.png"; sourceTree = "<group>"; };
		E61F4AB91A29BA4900845AD9 /* Launch_750.png */ = {isa = PBXFileReference; lastKnownFileType = image.png; name = Launch_750.png; path = Image/Launch_750.png; sourceTree = "<group>"; };
		E61F4ABA1A29BA4900845AD9 /* Launch_1136.png */ = {isa = PBXFileReference; lastKnownFileType = image.png; name = Launch_1136.png; path = Image/Launch_1136.png; sourceTree = "<group>"; };
		E63EDEBA1A10B30000DC8C57 /* MapKit.framework */ = {isa = PBXFileReference; lastKnownFileType = wrapper.framework; name = MapKit.framework; path = System/Library/Frameworks/MapKit.framework; sourceTree = SDKROOT; };
		E63EDEBD1A10B3EA00DC8C57 /* CLLocation+YCLocation.h */ = {isa = PBXFileReference; fileEncoding = 4; lastKnownFileType = sourcecode.c.h; path = "CLLocation+YCLocation.h"; sourceTree = "<group>"; };
		E63EDEBE1A10B3EA00DC8C57 /* CLLocation+YCLocation.m */ = {isa = PBXFileReference; fileEncoding = 4; lastKnownFileType = sourcecode.c.objc; path = "CLLocation+YCLocation.m"; sourceTree = "<group>"; };
		E63EDEBF1A10B3EA00DC8C57 /* CustomLoction.swift */ = {isa = PBXFileReference; fileEncoding = 4; lastKnownFileType = sourcecode.swift; path = CustomLoction.swift; sourceTree = "<group>"; };
		E63EDEC21A10C3E300DC8C57 /* WayPoint.swift */ = {isa = PBXFileReference; fileEncoding = 4; lastKnownFileType = sourcecode.swift; path = WayPoint.swift; sourceTree = "<group>"; };
		E67578261A21AE1100B78F77 /* phone.png */ = {isa = PBXFileReference; lastKnownFileType = image.png; name = phone.png; path = Image/phone.png; sourceTree = "<group>"; };
		E67578271A21AE1100B78F77 /* phone@2x.png */ = {isa = PBXFileReference; lastKnownFileType = image.png; name = "phone@2x.png"; path = "Image/phone@2x.png"; sourceTree = "<group>"; };
		E675782B1A21AF5000B78F77 /* LogInToolClass.swift */ = {isa = PBXFileReference; fileEncoding = 4; lastKnownFileType = sourcecode.swift; name = LogInToolClass.swift; path = CusLogInClass/LogInToolClass.swift; sourceTree = "<group>"; };
		E67EA4351A2086E1004A9590 /* Icon_58.png */ = {isa = PBXFileReference; lastKnownFileType = image.png; name = Icon_58.png; path = Image/Icon_58.png; sourceTree = "<group>"; };
		E67EA4361A2086E1004A9590 /* Icon_80.png */ = {isa = PBXFileReference; lastKnownFileType = image.png; name = Icon_80.png; path = Image/Icon_80.png; sourceTree = "<group>"; };
		E67EA4371A2086E1004A9590 /* Icon_87.png */ = {isa = PBXFileReference; lastKnownFileType = image.png; name = Icon_87.png; path = Image/Icon_87.png; sourceTree = "<group>"; };
		E67EA4381A2086E1004A9590 /* Icon_120.png */ = {isa = PBXFileReference; lastKnownFileType = image.png; name = Icon_120.png; path = Image/Icon_120.png; sourceTree = "<group>"; };
		E67EA4391A2086E1004A9590 /* Icon_180.png */ = {isa = PBXFileReference; lastKnownFileType = image.png; name = Icon_180.png; path = Image/Icon_180.png; sourceTree = "<group>"; };
		E67EA43F1A208980004A9590 /* location.png */ = {isa = PBXFileReference; lastKnownFileType = image.png; name = location.png; path = Image/location.png; sourceTree = "<group>"; };
		E67EA4611A209309004A9590 /* GuidePageViewController.swift */ = {isa = PBXFileReference; fileEncoding = 4; lastKnownFileType = sourcecode.swift; path = GuidePageViewController.swift; sourceTree = "<group>"; };
		E68278C11A22D3DC00779406 /* CreateBlurIntroductionPlanels.h */ = {isa = PBXFileReference; fileEncoding = 4; lastKnownFileType = sourcecode.c.h; path = CreateBlurIntroductionPlanels.h; sourceTree = "<group>"; };
		E68278C21A22D3DC00779406 /* CreateBlurIntroductionPlanels.m */ = {isa = PBXFileReference; fileEncoding = 4; lastKnownFileType = sourcecode.c.objc; path = CreateBlurIntroductionPlanels.m; sourceTree = "<group>"; };
		E68278C41A22D3DC00779406 /* CheckMarkWhite.png */ = {isa = PBXFileReference; lastKnownFileType = image.png; path = CheckMarkWhite.png; sourceTree = "<group>"; };
		E68278C51A22D3DC00779406 /* ForkImage.png */ = {isa = PBXFileReference; lastKnownFileType = image.png; path = ForkImage.png; sourceTree = "<group>"; };
		E68278C61A22D3DC00779406 /* HeaderImage.png */ = {isa = PBXFileReference; lastKnownFileType = image.png; path = HeaderImage.png; sourceTree = "<group>"; };
		E68278C71A22D3DC00779406 /* Toronto, ON.jpg */ = {isa = PBXFileReference; lastKnownFileType = image.jpeg; path = "Toronto, ON.jpg"; sourceTree = "<group>"; };
		E68278C91A22D3DC00779406 /* AMBlurView.h */ = {isa = PBXFileReference; fileEncoding = 4; lastKnownFileType = sourcecode.c.h; path = AMBlurView.h; sourceTree = "<group>"; };
		E68278CA1A22D3DC00779406 /* AMBlurView.m */ = {isa = PBXFileReference; fileEncoding = 4; lastKnownFileType = sourcecode.c.objc; path = AMBlurView.m; sourceTree = "<group>"; };
		E68278CB1A22D3DC00779406 /* MYBlurIntroductionView.h */ = {isa = PBXFileReference; fileEncoding = 4; lastKnownFileType = sourcecode.c.h; path = MYBlurIntroductionView.h; sourceTree = "<group>"; };
		E68278CC1A22D3DC00779406 /* MYBlurIntroductionView.m */ = {isa = PBXFileReference; fileEncoding = 4; lastKnownFileType = sourcecode.c.objc; path = MYBlurIntroductionView.m; sourceTree = "<group>"; };
		E68278CD1A22D3DC00779406 /* MYIntroductionPanel.h */ = {isa = PBXFileReference; fileEncoding = 4; lastKnownFileType = sourcecode.c.h; path = MYIntroductionPanel.h; sourceTree = "<group>"; };
		E68278CE1A22D3DC00779406 /* MYIntroductionPanel.m */ = {isa = PBXFileReference; fileEncoding = 4; lastKnownFileType = sourcecode.c.objc; path = MYIntroductionPanel.m; sourceTree = "<group>"; };
		E68278D71A22D40000779406 /* PanelOfGuide.xib */ = {isa = PBXFileReference; fileEncoding = 4; lastKnownFileType = file.xib; path = PanelOfGuide.xib; sourceTree = "<group>"; };
		E68278D81A22D40000779406 /* PanelOfGuideHeader.xib */ = {isa = PBXFileReference; fileEncoding = 4; lastKnownFileType = file.xib; path = PanelOfGuideHeader.xib; sourceTree = "<group>"; };
		E68278E01A23004600779406 /* lose.png */ = {isa = PBXFileReference; lastKnownFileType = image.png; name = lose.png; path = Image/lose.png; sourceTree = "<group>"; };
		E68278E21A23040E00779406 /* call.png */ = {isa = PBXFileReference; lastKnownFileType = image.png; name = call.png; path = Image/call.png; sourceTree = "<group>"; };
		E68278E41A2307EC00779406 /* Icon_Navition.png */ = {isa = PBXFileReference; lastKnownFileType = image.png; name = Icon_Navition.png; path = Image/Icon_Navition.png; sourceTree = "<group>"; };
		E68278E71A23159F00779406 /* Map_ChangedMapType1.png */ = {isa = PBXFileReference; lastKnownFileType = image.png; name = Map_ChangedMapType1.png; path = Image/Map_ChangedMapType1.png; sourceTree = "<group>"; };
		E68278E81A23159F00779406 /* Map_ChangedMapType2.png */ = {isa = PBXFileReference; lastKnownFileType = image.png; name = Map_ChangedMapType2.png; path = Image/Map_ChangedMapType2.png; sourceTree = "<group>"; };
		E68278E91A23159F00779406 /* Map_compass.png */ = {isa = PBXFileReference; lastKnownFileType = image.png; name = Map_compass.png; path = Image/Map_compass.png; sourceTree = "<group>"; };
		E68278EA1A23159F00779406 /* Map_compass@2x.png */ = {isa = PBXFileReference; lastKnownFileType = image.png; name = "Map_compass@2x.png"; path = "Image/Map_compass@2x.png"; sourceTree = "<group>"; };
		E68278EB1A23159F00779406 /* Map_Following.png */ = {isa = PBXFileReference; lastKnownFileType = image.png; name = Map_Following.png; path = Image/Map_Following.png; sourceTree = "<group>"; };
		E68278EC1A23159F00779406 /* Map_Following@2x.png */ = {isa = PBXFileReference; lastKnownFileType = image.png; name = "Map_Following@2x.png"; path = "Image/Map_Following@2x.png"; sourceTree = "<group>"; };
		E68401EA1A21B91C0045652B /* AddressBook.framework */ = {isa = PBXFileReference; lastKnownFileType = wrapper.framework; name = AddressBook.framework; path = System/Library/Frameworks/AddressBook.framework; sourceTree = SDKROOT; };
		E68401EC1A21B9220045652B /* AddressBookUI.framework */ = {isa = PBXFileReference; lastKnownFileType = wrapper.framework; name = AddressBookUI.framework; path = System/Library/Frameworks/AddressBookUI.framework; sourceTree = SDKROOT; };
		E68401EF1A21B9540045652B /* GainAddressBookClass.swift */ = {isa = PBXFileReference; fileEncoding = 4; lastKnownFileType = sourcecode.swift; name = GainAddressBookClass.swift; path = GainAddressBook/GainAddressBookClass.swift; sourceTree = "<group>"; };
		E68401F21A21BD980045652B /* ShowAddressBookTableView.swift */ = {isa = PBXFileReference; fileEncoding = 4; lastKnownFileType = sourcecode.swift; path = ShowAddressBookTableView.swift; sourceTree = "<group>"; };
		E68401F51A21BE600045652B /* BOAlertController.h */ = {isa = PBXFileReference; fileEncoding = 4; lastKnownFileType = sourcecode.c.h; path = BOAlertController.h; sourceTree = "<group>"; };
		E68401F61A21BE600045652B /* BOAlertController.m */ = {isa = PBXFileReference; fileEncoding = 4; lastKnownFileType = sourcecode.c.objc; path = BOAlertController.m; sourceTree = "<group>"; };
		E68401F71A21BE600045652B /* RIButtonItem.h */ = {isa = PBXFileReference; fileEncoding = 4; lastKnownFileType = sourcecode.c.h; path = RIButtonItem.h; sourceTree = "<group>"; };
		E68401F81A21BE600045652B /* RIButtonItem.m */ = {isa = PBXFileReference; fileEncoding = 4; lastKnownFileType = sourcecode.c.objc; path = RIButtonItem.m; sourceTree = "<group>"; };
		E68401F91A21BE600045652B /* UIActionSheet+Blocks.h */ = {isa = PBXFileReference; fileEncoding = 4; lastKnownFileType = sourcecode.c.h; path = "UIActionSheet+Blocks.h"; sourceTree = "<group>"; };
		E68401FA1A21BE600045652B /* UIActionSheet+Blocks.m */ = {isa = PBXFileReference; fileEncoding = 4; lastKnownFileType = sourcecode.c.objc; path = "UIActionSheet+Blocks.m"; sourceTree = "<group>"; };
		E68401FB1A21BE600045652B /* UIAlertView+Blocks.h */ = {isa = PBXFileReference; fileEncoding = 4; lastKnownFileType = sourcecode.c.h; path = "UIAlertView+Blocks.h"; sourceTree = "<group>"; };
		E68401FC1A21BE600045652B /* UIAlertView+Blocks.m */ = {isa = PBXFileReference; fileEncoding = 4; lastKnownFileType = sourcecode.c.objc; path = "UIAlertView+Blocks.m"; sourceTree = "<group>"; };
		E68A0CC61A2467BA0042B52E /* CallWIthOneKeyClass.swift */ = {isa = PBXFileReference; fileEncoding = 4; lastKnownFileType = sourcecode.swift; path = CallWIthOneKeyClass.swift; sourceTree = "<group>"; };
		E68A0CC81A246C460042B52E /* warning.png */ = {isa = PBXFileReference; lastKnownFileType = image.png; name = warning.png; path = Image/warning.png; sourceTree = "<group>"; };
		E68A0CCC1A247BA90042B52E /* panle3_1.png */ = {isa = PBXFileReference; lastKnownFileType = image.png; name = panle3_1.png; path = Image/panle3_1.png; sourceTree = "<group>"; };
		E68A0CCD1A247BA90042B52E /* panle3.png */ = {isa = PBXFileReference; lastKnownFileType = image.png; name = panle3.png; path = Image/panle3.png; sourceTree = "<group>"; };
		E68A0CD01A247C440042B52E /* panle3_2.png */ = {isa = PBXFileReference; lastKnownFileType = image.png; name = panle3_2.png; path = Image/panle3_2.png; sourceTree = "<group>"; };
		E694E10A1A2431C700A11391 /* LocationAnnotation.png */ = {isa = PBXFileReference; lastKnownFileType = image.png; name = LocationAnnotation.png; path = Image/LocationAnnotation.png; sourceTree = "<group>"; };
		E69BC2AB1A2210F200B0D17B /* ChineseString.h */ = {isa = PBXFileReference; fileEncoding = 4; lastKnownFileType = sourcecode.c.h; name = ChineseString.h; path = GainAddressBook/ChineseString.h; sourceTree = "<group>"; };
		E69BC2AC1A2210F200B0D17B /* ChineseString.m */ = {isa = PBXFileReference; fileEncoding = 4; lastKnownFileType = sourcecode.c.objc; name = ChineseString.m; path = GainAddressBook/ChineseString.m; sourceTree = "<group>"; };
		E69BC2AD1A2210F200B0D17B /* pinyin.c */ = {isa = PBXFileReference; fileEncoding = 4; lastKnownFileType = sourcecode.c.c; name = pinyin.c; path = GainAddressBook/pinyin.c; sourceTree = "<group>"; };
		E69BC2AE1A2210F200B0D17B /* pinyin.h */ = {isa = PBXFileReference; fileEncoding = 4; lastKnownFileType = sourcecode.c.h; name = pinyin.h; path = GainAddressBook/pinyin.h; sourceTree = "<group>"; };
		E6A0D1521A13237B00CCCFE7 /* MapOperation.swift */ = {isa = PBXFileReference; fileEncoding = 4; lastKnownFileType = sourcecode.swift; path = MapOperation.swift; sourceTree = "<group>"; };
		E6A97F3419FFB35400FA060A /* RememberRoad.app */ = {isa = PBXFileReference; explicitFileType = wrapper.application; includeInIndex = 0; path = RememberRoad.app; sourceTree = BUILT_PRODUCTS_DIR; };
		E6A97F3819FFB35400FA060A /* Info.plist */ = {isa = PBXFileReference; lastKnownFileType = text.plist.xml; path = Info.plist; sourceTree = "<group>"; };
		E6A97F3919FFB35400FA060A /* AppDelegate.swift */ = {isa = PBXFileReference; lastKnownFileType = sourcecode.swift; path = AppDelegate.swift; sourceTree = "<group>"; };
		E6A97F3C19FFB35400FA060A /* RememberRoad.xcdatamodel */ = {isa = PBXFileReference; lastKnownFileType = wrapper.xcdatamodel; path = RememberRoad.xcdatamodel; sourceTree = "<group>"; };
		E6A97F3E19FFB35400FA060A /* ViewController.swift */ = {isa = PBXFileReference; lastKnownFileType = sourcecode.swift; path = ViewController.swift; sourceTree = "<group>"; };
		E6A97F4119FFB35400FA060A /* Base */ = {isa = PBXFileReference; lastKnownFileType = file.storyboard; name = Base; path = Base.lproj/Main.storyboard; sourceTree = "<group>"; };
		E6A97F4319FFB35400FA060A /* Images.xcassets */ = {isa = PBXFileReference; lastKnownFileType = folder.assetcatalog; path = Images.xcassets; sourceTree = "<group>"; };
		E6A97F4C19FFB35400FA060A /* RememberRoadTests.xctest */ = {isa = PBXFileReference; explicitFileType = wrapper.cfbundle; includeInIndex = 0; path = RememberRoadTests.xctest; sourceTree = BUILT_PRODUCTS_DIR; };
		E6A97F5119FFB35400FA060A /* Info.plist */ = {isa = PBXFileReference; lastKnownFileType = text.plist.xml; path = Info.plist; sourceTree = "<group>"; };
		E6A97F5219FFB35400FA060A /* RememberRoadTests.swift */ = {isa = PBXFileReference; lastKnownFileType = sourcecode.swift; path = RememberRoadTests.swift; sourceTree = "<group>"; };
		E6A97F5C19FFB36800FA060A /* RememberRoad-Bridging-Header.h */ = {isa = PBXFileReference; lastKnownFileType = sourcecode.c.h; path = "RememberRoad-Bridging-Header.h"; sourceTree = "<group>"; };
		E6A97FA419FFBB6A00FA060A /* CoreDataOperation.swift */ = {isa = PBXFileReference; fileEncoding = 4; lastKnownFileType = sourcecode.swift; path = CoreDataOperation.swift; sourceTree = "<group>"; };
		E6A97FA619FFBB6A00FA060A /* DetectionNetworkStatus.h */ = {isa = PBXFileReference; fileEncoding = 4; lastKnownFileType = sourcecode.c.h; path = DetectionNetworkStatus.h; sourceTree = "<group>"; };
		E6A97FA719FFBB6A00FA060A /* DetectionNetworkStatus.m */ = {isa = PBXFileReference; fileEncoding = 4; lastKnownFileType = sourcecode.c.objc; path = DetectionNetworkStatus.m; sourceTree = "<group>"; };
		E6A97FA819FFBB6A00FA060A /* Reachability.h */ = {isa = PBXFileReference; fileEncoding = 4; lastKnownFileType = sourcecode.c.h; path = Reachability.h; sourceTree = "<group>"; };
		E6A97FA919FFBB6A00FA060A /* Reachability.m */ = {isa = PBXFileReference; fileEncoding = 4; lastKnownFileType = sourcecode.c.objc; path = Reachability.m; sourceTree = "<group>"; };
		E6A97FAC19FFBB6A00FA060A /* UIColor+StyleColor.h */ = {isa = PBXFileReference; fileEncoding = 4; lastKnownFileType = sourcecode.c.h; path = "UIColor+StyleColor.h"; sourceTree = "<group>"; };
		E6A97FAD19FFBB6A00FA060A /* UIColor+StyleColor.m */ = {isa = PBXFileReference; fileEncoding = 4; lastKnownFileType = sourcecode.c.objc; path = "UIColor+StyleColor.m"; sourceTree = "<group>"; };
		E6A97FAE19FFBB6A00FA060A /* NZAlertView-Icons.bundle */ = {isa = PBXFileReference; lastKnownFileType = "wrapper.plug-in"; path = "NZAlertView-Icons.bundle"; sourceTree = "<group>"; };
		E6A97FAF19FFBB6A00FA060A /* NZAlertView.h */ = {isa = PBXFileReference; fileEncoding = 4; lastKnownFileType = sourcecode.c.h; path = NZAlertView.h; sourceTree = "<group>"; };
		E6A97FB019FFBB6A00FA060A /* NZAlertView.m */ = {isa = PBXFileReference; fileEncoding = 4; lastKnownFileType = sourcecode.c.objc; path = NZAlertView.m; sourceTree = "<group>"; };
		E6A97FB219FFBB6A00FA060A /* NZAlertViewDelegate.h */ = {isa = PBXFileReference; fileEncoding = 4; lastKnownFileType = sourcecode.c.h; path = NZAlertViewDelegate.h; sourceTree = "<group>"; };
		E6A97FB419FFBB6A00FA060A /* UIImage+Blur.h */ = {isa = PBXFileReference; fileEncoding = 4; lastKnownFileType = sourcecode.c.h; path = "UIImage+Blur.h"; sourceTree = "<group>"; };
		E6A97FB519FFBB6A00FA060A /* UIImage+Blur.m */ = {isa = PBXFileReference; fileEncoding = 4; lastKnownFileType = sourcecode.c.objc; path = "UIImage+Blur.m"; sourceTree = "<group>"; };
		E6A97FB619FFBB6A00FA060A /* UIImage+ImageWithColor.h */ = {isa = PBXFileReference; fileEncoding = 4; lastKnownFileType = sourcecode.c.h; path = "UIImage+ImageWithColor.h"; sourceTree = "<group>"; };
		E6A97FB719FFBB6A00FA060A /* UIImage+ImageWithColor.m */ = {isa = PBXFileReference; fileEncoding = 4; lastKnownFileType = sourcecode.c.objc; path = "UIImage+ImageWithColor.m"; sourceTree = "<group>"; };
		E6A97FB819FFBB6A00FA060A /* UIImage+Screenshot.h */ = {isa = PBXFileReference; fileEncoding = 4; lastKnownFileType = sourcecode.c.h; path = "UIImage+Screenshot.h"; sourceTree = "<group>"; };
		E6A97FB919FFBB6A00FA060A /* UIImage+Screenshot.m */ = {isa = PBXFileReference; fileEncoding = 4; lastKnownFileType = sourcecode.c.objc; path = "UIImage+Screenshot.m"; sourceTree = "<group>"; };
		E6A97FBA19FFBB6A00FA060A /* UIImage-Helpers.h */ = {isa = PBXFileReference; fileEncoding = 4; lastKnownFileType = sourcecode.c.h; path = "UIImage-Helpers.h"; sourceTree = "<group>"; };
		E6A97FBC19FFBB6A00FA060A /* NZAlertView.xib */ = {isa = PBXFileReference; fileEncoding = 4; lastKnownFileType = file.xib; path = NZAlertView.xib; sourceTree = "<group>"; };
		E6A97FD719FFBFFD00FA060A /* CoreLocation.framework */ = {isa = PBXFileReference; lastKnownFileType = wrapper.framework; name = CoreLocation.framework; path = System/Library/Frameworks/CoreLocation.framework; sourceTree = SDKROOT; };
		E6A97FDB19FFC00800FA060A /* OpenGLES.framework */ = {isa = PBXFileReference; lastKnownFileType = wrapper.framework; name = OpenGLES.framework; path = System/Library/Frameworks/OpenGLES.framework; sourceTree = SDKROOT; };
		E6A97FDD19FFC00E00FA060A /* SystemConfiguration.framework */ = {isa = PBXFileReference; lastKnownFileType = wrapper.framework; name = SystemConfiguration.framework; path = System/Library/Frameworks/SystemConfiguration.framework; sourceTree = SDKROOT; };
		E6A97FDF19FFC01300FA060A /* CoreGraphics.framework */ = {isa = PBXFileReference; lastKnownFileType = wrapper.framework; name = CoreGraphics.framework; path = System/Library/Frameworks/CoreGraphics.framework; sourceTree = SDKROOT; };
		E6B288D71A14A7360053A845 /* CusMapOverlay.swift */ = {isa = PBXFileReference; fileEncoding = 4; lastKnownFileType = sourcecode.swift; path = CusMapOverlay.swift; sourceTree = "<group>"; };
		E6B6072F1A2DAAB10047C3CE /* ExtensionWithNSSting.swift */ = {isa = PBXFileReference; fileEncoding = 4; lastKnownFileType = sourcecode.swift; name = ExtensionWithNSSting.swift; path = RememberRoad/ExtensionWithNSSting.swift; sourceTree = SOURCE_ROOT; };
		E6B7E3461A2C023E004CA582 /* go_2.png */ = {isa = PBXFileReference; lastKnownFileType = image.png; name = go_2.png; path = Image/go_2.png; sourceTree = "<group>"; };
		E6B7E3481A2C0650004CA582 /* stop_2.png */ = {isa = PBXFileReference; lastKnownFileType = image.png; name = stop_2.png; path = Image/stop_2.png; sourceTree = "<group>"; };
		E6B7E34A1A2C0B6E004CA582 /* setting.png */ = {isa = PBXFileReference; lastKnownFileType = image.png; name = setting.png; path = Image/setting.png; sourceTree = "<group>"; };
		E6B7E34C1A2C0FFF004CA582 /* SettingViewController.swift */ = {isa = PBXFileReference; fileEncoding = 4; lastKnownFileType = sourcecode.swift; path = SettingViewController.swift; sourceTree = "<group>"; };
		E6BA552F1A2178590015AD1D /* location_end.png */ = {isa = PBXFileReference; lastKnownFileType = image.png; name = location_end.png; path = Image/location_end.png; sourceTree = "<group>"; };
		E6BA55301A2178590015AD1D /* location_end@2x.png */ = {isa = PBXFileReference; lastKnownFileType = image.png; name = "location_end@2x.png"; path = "Image/location_end@2x.png"; sourceTree = "<group>"; };
		E6BA55311A2178590015AD1D /* location_start.png */ = {isa = PBXFileReference; lastKnownFileType = image.png; name = location_start.png; path = Image/location_start.png; sourceTree = "<group>"; };
		E6BA55321A2178590015AD1D /* location_start@2x.png */ = {isa = PBXFileReference; lastKnownFileType = image.png; name = "location_start@2x.png"; path = "Image/location_start@2x.png"; sourceTree = "<group>"; };
		E6BA553B1A217ED90015AD1D /* AddCusAnnotation.swift */ = {isa = PBXFileReference; fileEncoding = 4; lastKnownFileType = sourcecode.swift; path = AddCusAnnotation.swift; sourceTree = "<group>"; };
		E6EC55571A3156F90002A5AD /* zh-Hans */ = {isa = PBXFileReference; lastKnownFileType = text.plist.strings; name = "zh-Hans"; path = "zh-Hans.lproj/Main.strings"; sourceTree = "<group>"; };
		E6EC55591A3157100002A5AD /* en */ = {isa = PBXFileReference; lastKnownFileType = text.plist.strings; name = en; path = en.lproj/Main.strings; sourceTree = "<group>"; };
		E6EC55621A31584A0002A5AD /* zh-Hans */ = {isa = PBXFileReference; lastKnownFileType = text.plist.strings; name = "zh-Hans"; path = "zh-Hans.lproj/LaunchScreen.strings"; sourceTree = "<group>"; };
		E6EC55631A31584F0002A5AD /* Base */ = {isa = PBXFileReference; lastKnownFileType = file.xib; name = Base; path = Base.lproj/LaunchScreen.xib; sourceTree = "<group>"; };
		E6EC55641A3158540002A5AD /* en */ = {isa = PBXFileReference; lastKnownFileType = text.plist.strings; name = en; path = en.lproj/LaunchScreen.strings; sourceTree = "<group>"; };
		E6EC55691A31586E0002A5AD /* zh-Hans */ = {isa = PBXFileReference; lastKnownFileType = text.plist.strings; name = "zh-Hans"; path = "zh-Hans.lproj/InfoPlist.strings"; sourceTree = "<group>"; };
		E6EC55721A3158A70002A5AD /* en */ = {isa = PBXFileReference; lastKnownFileType = text.plist.strings; name = en; path = en.lproj/Localizable.strings; sourceTree = "<group>"; };
		E6EC55731A3158A80002A5AD /* zh-Hans */ = {isa = PBXFileReference; lastKnownFileType = text.plist.strings; name = "zh-Hans"; path = "zh-Hans.lproj/Localizable.strings"; sourceTree = "<group>"; };
		E6EC55741A3158BA0002A5AD /* en */ = {isa = PBXFileReference; lastKnownFileType = text.plist.strings; name = en; path = en.lproj/InfoPlist.strings; sourceTree = "<group>"; };
		E6EC55751A3158D10002A5AD /* Base */ = {isa = PBXFileReference; lastKnownFileType = text.plist.strings; name = Base; path = Base.lproj/Localizable.strings; sourceTree = "<group>"; };
		E6EC55761A3158D60002A5AD /* Base */ = {isa = PBXFileReference; lastKnownFileType = text.plist.strings; name = Base; path = Base.lproj/InfoPlist.strings; sourceTree = "<group>"; };
		E6F314241A020EDA0003CA9F /* UserCoreDataManage.swift */ = {isa = PBXFileReference; fileEncoding = 4; lastKnownFileType = sourcecode.swift; path = UserCoreDataManage.swift; sourceTree = "<group>"; };
/* End PBXFileReference section */

/* Begin PBXFrameworksBuildPhase section */
		E6A97F3119FFB35400FA060A /* Frameworks */ = {
			isa = PBXFrameworksBuildPhase;
			buildActionMask = 2147483647;
			files = (
				E617CC1E1A308F54009C7E97 /* AdSupport.framework in Frameworks */,
				E617CC1F1A308F54009C7E97 /* iAd.framework in Frameworks */,
				E68401ED1A21B9220045652B /* AddressBookUI.framework in Frameworks */,
				E60309B91A3018800004C44A /* libGoogleAdMobAds.a in Frameworks */,
				E68401EB1A21B91C0045652B /* AddressBook.framework in Frameworks */,
				E63EDEBB1A10B30000DC8C57 /* MapKit.framework in Frameworks */,
				E6A97FE019FFC01300FA060A /* CoreGraphics.framework in Frameworks */,
				E6A97FDE19FFC00E00FA060A /* SystemConfiguration.framework in Frameworks */,
				E6A97FDC19FFC00800FA060A /* OpenGLES.framework in Frameworks */,
				E6A97FD819FFBFFD00FA060A /* CoreLocation.framework in Frameworks */,
			);
			runOnlyForDeploymentPostprocessing = 0;
		};
		E6A97F4919FFB35400FA060A /* Frameworks */ = {
			isa = PBXFrameworksBuildPhase;
			buildActionMask = 2147483647;
			files = (
			);
			runOnlyForDeploymentPostprocessing = 0;
		};
/* End PBXFrameworksBuildPhase section */

/* Begin PBXGroup section */
		E60309971A3018670004C44A /* Ad */ = {
			isa = PBXGroup;
			children = (
				E60309981A30187F0004C44A /* AdMob */,
			);
			name = Ad;
			sourceTree = "<group>";
		};
		E60309981A30187F0004C44A /* AdMob */ = {
			isa = PBXGroup;
			children = (
				E60309991A30187F0004C44A /* Add-ons */,
				E60309AC1A30187F0004C44A /* GADAdMobExtras.h */,
				E60309AD1A30187F0004C44A /* GADAdNetworkExtras.h */,
				E60309AE1A30187F0004C44A /* GADAdSize.h */,
				E60309AF1A30187F0004C44A /* GADBannerView.h */,
				E60309B01A30187F0004C44A /* GADBannerViewDelegate.h */,
				E60309B11A30187F0004C44A /* GADInAppPurchase.h */,
				E60309B21A30187F0004C44A /* GADInAppPurchaseDelegate.h */,
				E60309B31A30187F0004C44A /* GADInterstitial.h */,
				E60309B41A30187F0004C44A /* GADInterstitialDelegate.h */,
				E60309B51A30187F0004C44A /* GADModules.h */,
				E60309B61A30187F0004C44A /* GADRequest.h */,
				E60309B71A30187F0004C44A /* GADRequestError.h */,
				E60309B81A30187F0004C44A /* libGoogleAdMobAds.a */,
			);
			path = AdMob;
			sourceTree = "<group>";
		};
		E60309991A30187F0004C44A /* Add-ons */ = {
			isa = PBXGroup;
			children = (
				E603099A1A30187F0004C44A /* DoubleClick */,
				E60309A21A30187F0004C44A /* Mediation */,
				E60309A91A30187F0004C44A /* Search */,
			);
			path = "Add-ons";
			sourceTree = "<group>";
		};
		E603099A1A30187F0004C44A /* DoubleClick */ = {
			isa = PBXGroup;
			children = (
				E603099B1A30187F0004C44A /* DFPBannerView.h */,
				E603099C1A30187F0004C44A /* DFPExtras.h */,
				E603099D1A30187F0004C44A /* DFPInterstitial.h */,
				E603099E1A30187F0004C44A /* DFPSwipeableBannerView.h */,
				E603099F1A30187F0004C44A /* GADAdSizeDelegate.h */,
				E60309A01A30187F0004C44A /* GADAppEventDelegate.h */,
				E60309A11A30187F0004C44A /* GADSwipeableBannerViewDelegate.h */,
			);
			path = DoubleClick;
			sourceTree = "<group>";
		};
		E60309A21A30187F0004C44A /* Mediation */ = {
			isa = PBXGroup;
			children = (
				E60309A31A30187F0004C44A /* GADCustomEventBanner.h */,
				E60309A41A30187F0004C44A /* GADCustomEventBannerDelegate.h */,
				E60309A51A30187F0004C44A /* GADCustomEventExtras.h */,
				E60309A61A30187F0004C44A /* GADCustomEventInterstitial.h */,
				E60309A71A30187F0004C44A /* GADCustomEventInterstitialDelegate.h */,
				E60309A81A30187F0004C44A /* GADCustomEventRequest.h */,
			);
			path = Mediation;
			sourceTree = "<group>";
		};
		E60309A91A30187F0004C44A /* Search */ = {
			isa = PBXGroup;
			children = (
				E60309AA1A30187F0004C44A /* GADSearchBannerView.h */,
				E60309AB1A30187F0004C44A /* GADSearchRequest.h */,
			);
			path = Search;
			sourceTree = "<group>";
		};
		E61F4AAE1A29B9EA00845AD9 /* Launch */ = {
			isa = PBXGroup;
			children = (
				E61F4AB71A29BA4900845AD9 /* Lanuch_640.png */,
				E61F4AB81A29BA4900845AD9 /* Launch_ 1242.png */,
				E61F4AB91A29BA4900845AD9 /* Launch_750.png */,
				E61F4ABA1A29BA4900845AD9 /* Launch_1136.png */,
			);
			name = Launch;
			sourceTree = "<group>";
		};
		E63EDEBC1A10B3EA00DC8C57 /* Location */ = {
			isa = PBXGroup;
			children = (
				E63EDEBD1A10B3EA00DC8C57 /* CLLocation+YCLocation.h */,
				E63EDEBE1A10B3EA00DC8C57 /* CLLocation+YCLocation.m */,
				E63EDEBF1A10B3EA00DC8C57 /* CustomLoction.swift */,
			);
			path = Location;
			sourceTree = "<group>";
		};
		E675782A1A21AEFF00B78F77 /* CusLogIn */ = {
			isa = PBXGroup;
			children = (
				E675782B1A21AF5000B78F77 /* LogInToolClass.swift */,
			);
			name = CusLogIn;
			sourceTree = "<group>";
		};
		E675782D1A21B18D00B78F77 /* CusToolClass */ = {
			isa = PBXGroup;
			children = (
				E6B6072F1A2DAAB10047C3CE /* ExtensionWithNSSting.swift */,
			);
			name = CusToolClass;
			sourceTree = "<group>";
		};
		E67EA4331A20868D004A9590 /* Image */ = {
			isa = PBXGroup;
			children = (
				E6B7E34F1A2C1178004CA582 /* Setting */,
				E61F4AAE1A29B9EA00845AD9 /* Launch */,
				E68278E61A23159200779406 /* Map */,
				E68278DB1A22FAE700779406 /* GuidePage */,
				E6BA552E1A21784C0015AD1D /* location_Navigation */,
				E67EA4341A2086CF004A9590 /* Icon */,
				E67EA43F1A208980004A9590 /* location.png */,
				E67578261A21AE1100B78F77 /* phone.png */,
				E67578271A21AE1100B78F77 /* phone@2x.png */,
			);
			name = Image;
			sourceTree = "<group>";
		};
		E67EA4341A2086CF004A9590 /* Icon */ = {
			isa = PBXGroup;
			children = (
				E67EA4351A2086E1004A9590 /* Icon_58.png */,
				E67EA4361A2086E1004A9590 /* Icon_80.png */,
				E67EA4371A2086E1004A9590 /* Icon_87.png */,
				E67EA4381A2086E1004A9590 /* Icon_120.png */,
				E67EA4391A2086E1004A9590 /* Icon_180.png */,
			);
			name = Icon;
			sourceTree = "<group>";
		};
		E67EA4411A208FA1004A9590 /* GuidePage */ = {
			isa = PBXGroup;
			children = (
				E68278D71A22D40000779406 /* PanelOfGuide.xib */,
				E68278D81A22D40000779406 /* PanelOfGuideHeader.xib */,
				E68278C11A22D3DC00779406 /* CreateBlurIntroductionPlanels.h */,
				E68278C21A22D3DC00779406 /* CreateBlurIntroductionPlanels.m */,
				E68278C31A22D3DC00779406 /* Image */,
				E68278C81A22D3DC00779406 /* MYBlurIntroductionView */,
			);
			path = GuidePage;
			sourceTree = "<group>";
		};
		E67EA45E1A20911E004A9590 /* StartControllerView */ = {
			isa = PBXGroup;
			children = (
				E67EA4611A209309004A9590 /* GuidePageViewController.swift */,
			);
			name = StartControllerView;
			sourceTree = "<group>";
		};
		E68278C31A22D3DC00779406 /* Image */ = {
			isa = PBXGroup;
			children = (
				E68278C41A22D3DC00779406 /* CheckMarkWhite.png */,
				E68278C51A22D3DC00779406 /* ForkImage.png */,
				E68278C61A22D3DC00779406 /* HeaderImage.png */,
				E68278C71A22D3DC00779406 /* Toronto, ON.jpg */,
			);
			path = Image;
			sourceTree = "<group>";
		};
		E68278C81A22D3DC00779406 /* MYBlurIntroductionView */ = {
			isa = PBXGroup;
			children = (
				E68278C91A22D3DC00779406 /* AMBlurView.h */,
				E68278CA1A22D3DC00779406 /* AMBlurView.m */,
				E68278CB1A22D3DC00779406 /* MYBlurIntroductionView.h */,
				E68278CC1A22D3DC00779406 /* MYBlurIntroductionView.m */,
				E68278CD1A22D3DC00779406 /* MYIntroductionPanel.h */,
				E68278CE1A22D3DC00779406 /* MYIntroductionPanel.m */,
			);
			path = MYBlurIntroductionView;
			sourceTree = "<group>";
		};
		E68278DB1A22FAE700779406 /* GuidePage */ = {
			isa = PBXGroup;
			children = (
				E68A0CD01A247C440042B52E /* panle3_2.png */,
				E68A0CCC1A247BA90042B52E /* panle3_1.png */,
				E68A0CCD1A247BA90042B52E /* panle3.png */,
				E68A0CC81A246C460042B52E /* warning.png */,
				E68278E41A2307EC00779406 /* Icon_Navition.png */,
				E68278E21A23040E00779406 /* call.png */,
				E68278E01A23004600779406 /* lose.png */,
			);
			name = GuidePage;
			sourceTree = "<group>";
		};
		E68278E61A23159200779406 /* Map */ = {
			isa = PBXGroup;
			children = (
				E6B7E34A1A2C0B6E004CA582 /* setting.png */,
				E6B7E3481A2C0650004CA582 /* stop_2.png */,
				E6B7E3461A2C023E004CA582 /* go_2.png */,
				E694E10A1A2431C700A11391 /* LocationAnnotation.png */,
				E68278E71A23159F00779406 /* Map_ChangedMapType1.png */,
				E68278E81A23159F00779406 /* Map_ChangedMapType2.png */,
				E68278E91A23159F00779406 /* Map_compass.png */,
				E68278EA1A23159F00779406 /* Map_compass@2x.png */,
				E68278EB1A23159F00779406 /* Map_Following.png */,
				E68278EC1A23159F00779406 /* Map_Following@2x.png */,
			);
			name = Map;
			sourceTree = "<group>";
		};
		E68401EE1A21B9310045652B /* GainAddressBook */ = {
			isa = PBXGroup;
			children = (
				E69BC2AB1A2210F200B0D17B /* ChineseString.h */,
				E69BC2AC1A2210F200B0D17B /* ChineseString.m */,
				E69BC2AD1A2210F200B0D17B /* pinyin.c */,
				E69BC2AE1A2210F200B0D17B /* pinyin.h */,
				E68401EF1A21B9540045652B /* GainAddressBookClass.swift */,
			);
			name = GainAddressBook;
			sourceTree = "<group>";
		};
		E68401F11A21BD5C0045652B /* ShowAddressBook */ = {
			isa = PBXGroup;
			children = (
				E68401F21A21BD980045652B /* ShowAddressBookTableView.swift */,
			);
			name = ShowAddressBook;
			sourceTree = "<group>";
		};
		E68401F41A21BE600045652B /* CusAlertView */ = {
			isa = PBXGroup;
			children = (
				E68401F51A21BE600045652B /* BOAlertController.h */,
				E68401F61A21BE600045652B /* BOAlertController.m */,
				E68401F71A21BE600045652B /* RIButtonItem.h */,
				E68401F81A21BE600045652B /* RIButtonItem.m */,
				E68401F91A21BE600045652B /* UIActionSheet+Blocks.h */,
				E68401FA1A21BE600045652B /* UIActionSheet+Blocks.m */,
				E68401FB1A21BE600045652B /* UIAlertView+Blocks.h */,
				E68401FC1A21BE600045652B /* UIAlertView+Blocks.m */,
			);
			path = CusAlertView;
			sourceTree = "<group>";
		};
		E6A0D1511A13232200CCCFE7 /* Map */ = {
			isa = PBXGroup;
			children = (
				E68A0CC61A2467BA0042B52E /* CallWIthOneKeyClass.swift */,
				E6BA553B1A217ED90015AD1D /* AddCusAnnotation.swift */,
				E6B288D71A14A7360053A845 /* CusMapOverlay.swift */,
				E6A0D1521A13237B00CCCFE7 /* MapOperation.swift */,
				E6A97F3E19FFB35400FA060A /* ViewController.swift */,
			);
			name = Map;
			sourceTree = "<group>";
		};
		E6A97F2B19FFB35400FA060A = {
			isa = PBXGroup;
			children = (
				E617CC1C1A308F54009C7E97 /* AdSupport.framework */,
				E617CC1D1A308F54009C7E97 /* iAd.framework */,
				E68401EC1A21B9220045652B /* AddressBookUI.framework */,
				E68401EA1A21B91C0045652B /* AddressBook.framework */,
				E63EDEBA1A10B30000DC8C57 /* MapKit.framework */,
				E6A97FDF19FFC01300FA060A /* CoreGraphics.framework */,
				E6A97FDD19FFC00E00FA060A /* SystemConfiguration.framework */,
				E6A97FDB19FFC00800FA060A /* OpenGLES.framework */,
				E6A97FD719FFBFFD00FA060A /* CoreLocation.framework */,
				E6A97F6119FFBB6900FA060A /* Funcation */,
				E6A97F3619FFB35400FA060A /* RememberRoad */,
				E6A97F4F19FFB35400FA060A /* RememberRoadTests */,
				E6A97F3519FFB35400FA060A /* Products */,
			);
			sourceTree = "<group>";
		};
		E6A97F3519FFB35400FA060A /* Products */ = {
			isa = PBXGroup;
			children = (
				E6A97F3419FFB35400FA060A /* RememberRoad.app */,
				E6A97F4C19FFB35400FA060A /* RememberRoadTests.xctest */,
			);
			name = Products;
			sourceTree = "<group>";
		};
		E6A97F3619FFB35400FA060A /* RememberRoad */ = {
			isa = PBXGroup;
			children = (
				E6B7E34E1A2C1004004CA582 /* SettingViewController */,
				E68401F11A21BD5C0045652B /* ShowAddressBook */,
				E67EA45E1A20911E004A9590 /* StartControllerView */,
				E6F314211A020DCE0003CA9F /* Model */,
				E6A0D1511A13232200CCCFE7 /* Map */,
				E6A97F3919FFB35400FA060A /* AppDelegate.swift */,
				E6A97F4019FFB35400FA060A /* Main.storyboard */,
				E6EC55601A3158430002A5AD /* LaunchScreen.xib */,
				E6A97F4319FFB35400FA060A /* Images.xcassets */,
				E6A97F3719FFB35400FA060A /* Supporting Files */,
			);
			path = RememberRoad;
			sourceTree = "<group>";
		};
		E6A97F3719FFB35400FA060A /* Supporting Files */ = {
			isa = PBXGroup;
			children = (
				E67EA4331A20868D004A9590 /* Image */,
				E6A97F5C19FFB36800FA060A /* RememberRoad-Bridging-Header.h */,
				E6A97F3819FFB35400FA060A /* Info.plist */,
				E6EC55671A3158690002A5AD /* InfoPlist.strings */,
				E6EC55711A3158A60002A5AD /* Localizable.strings */,
			);
			name = "Supporting Files";
			sourceTree = "<group>";
		};
		E6A97F4F19FFB35400FA060A /* RememberRoadTests */ = {
			isa = PBXGroup;
			children = (
				E6A97F5219FFB35400FA060A /* RememberRoadTests.swift */,
				E6A97F5019FFB35400FA060A /* Supporting Files */,
			);
			path = RememberRoadTests;
			sourceTree = "<group>";
		};
		E6A97F5019FFB35400FA060A /* Supporting Files */ = {
			isa = PBXGroup;
			children = (
				E6A97F5119FFB35400FA060A /* Info.plist */,
			);
			name = "Supporting Files";
			sourceTree = "<group>";
		};
		E6A97F6119FFBB6900FA060A /* Funcation */ = {
			isa = PBXGroup;
			children = (
				E60309971A3018670004C44A /* Ad */,
				E68401F41A21BE600045652B /* CusAlertView */,
				E68401EE1A21B9310045652B /* GainAddressBook */,
				E675782D1A21B18D00B78F77 /* CusToolClass */,
				E675782A1A21AEFF00B78F77 /* CusLogIn */,
				E67EA4411A208FA1004A9590 /* GuidePage */,
				E63EDEBC1A10B3EA00DC8C57 /* Location */,
				E6A97FA319FFBB6A00FA060A /* CoreData */,
				E6A97FA519FFBB6A00FA060A /* NetworkConnectionState */,
				E6A97FAA19FFBB6A00FA060A /* NZAlertView */,
			);
			path = Funcation;
			sourceTree = "<group>";
		};
		E6A97FA319FFBB6A00FA060A /* CoreData */ = {
			isa = PBXGroup;
			children = (
				E6A97FA419FFBB6A00FA060A /* CoreDataOperation.swift */,
			);
			path = CoreData;
			sourceTree = "<group>";
		};
		E6A97FA519FFBB6A00FA060A /* NetworkConnectionState */ = {
			isa = PBXGroup;
			children = (
				E6A97FA619FFBB6A00FA060A /* DetectionNetworkStatus.h */,
				E6A97FA719FFBB6A00FA060A /* DetectionNetworkStatus.m */,
				E6A97FA819FFBB6A00FA060A /* Reachability.h */,
				E6A97FA919FFBB6A00FA060A /* Reachability.m */,
			);
			path = NetworkConnectionState;
			sourceTree = "<group>";
		};
		E6A97FAA19FFBB6A00FA060A /* NZAlertView */ = {
			isa = PBXGroup;
			children = (
				E6A97FAB19FFBB6A00FA060A /* Helpers */,
				E6A97FAE19FFBB6A00FA060A /* NZAlertView-Icons.bundle */,
				E6A97FAF19FFBB6A00FA060A /* NZAlertView.h */,
				E6A97FB019FFBB6A00FA060A /* NZAlertView.m */,
				E6A97FB119FFBB6A00FA060A /* Protocols */,
				E6A97FB319FFBB6A00FA060A /* UIImage-Helpers */,
				E6A97FBB19FFBB6A00FA060A /* Views */,
			);
			path = NZAlertView;
			sourceTree = "<group>";
		};
		E6A97FAB19FFBB6A00FA060A /* Helpers */ = {
			isa = PBXGroup;
			children = (
				E6A97FAC19FFBB6A00FA060A /* UIColor+StyleColor.h */,
				E6A97FAD19FFBB6A00FA060A /* UIColor+StyleColor.m */,
			);
			path = Helpers;
			sourceTree = "<group>";
		};
		E6A97FB119FFBB6A00FA060A /* Protocols */ = {
			isa = PBXGroup;
			children = (
				E6A97FB219FFBB6A00FA060A /* NZAlertViewDelegate.h */,
			);
			path = Protocols;
			sourceTree = "<group>";
		};
		E6A97FB319FFBB6A00FA060A /* UIImage-Helpers */ = {
			isa = PBXGroup;
			children = (
				E6A97FB419FFBB6A00FA060A /* UIImage+Blur.h */,
				E6A97FB519FFBB6A00FA060A /* UIImage+Blur.m */,
				E6A97FB619FFBB6A00FA060A /* UIImage+ImageWithColor.h */,
				E6A97FB719FFBB6A00FA060A /* UIImage+ImageWithColor.m */,
				E6A97FB819FFBB6A00FA060A /* UIImage+Screenshot.h */,
				E6A97FB919FFBB6A00FA060A /* UIImage+Screenshot.m */,
				E6A97FBA19FFBB6A00FA060A /* UIImage-Helpers.h */,
			);
			path = "UIImage-Helpers";
			sourceTree = "<group>";
		};
		E6A97FBB19FFBB6A00FA060A /* Views */ = {
			isa = PBXGroup;
			children = (
				E6A97FBC19FFBB6A00FA060A /* NZAlertView.xib */,
			);
			path = Views;
			sourceTree = "<group>";
		};
		E6B7E34E1A2C1004004CA582 /* SettingViewController */ = {
			isa = PBXGroup;
			children = (
				E6B7E34C1A2C0FFF004CA582 /* SettingViewController.swift */,
			);
			name = SettingViewController;
			sourceTree = "<group>";
		};
		E6B7E34F1A2C1178004CA582 /* Setting */ = {
			isa = PBXGroup;
			children = (
			);
			name = Setting;
			sourceTree = "<group>";
		};
		E6BA552E1A21784C0015AD1D /* location_Navigation */ = {
			isa = PBXGroup;
			children = (
				E6BA552F1A2178590015AD1D /* location_end.png */,
				E6BA55301A2178590015AD1D /* location_end@2x.png */,
				E6BA55311A2178590015AD1D /* location_start.png */,
				E6BA55321A2178590015AD1D /* location_start@2x.png */,
			);
			name = location_Navigation;
			sourceTree = "<group>";
		};
		E6F314211A020DCE0003CA9F /* Model */ = {
			isa = PBXGroup;
			children = (
				E6A97F3B19FFB35400FA060A /* RememberRoad.xcdatamodeld */,
				E63EDEC21A10C3E300DC8C57 /* WayPoint.swift */,
				E6F314241A020EDA0003CA9F /* UserCoreDataManage.swift */,
			);
			name = Model;
			sourceTree = "<group>";
		};
/* End PBXGroup section */

/* Begin PBXNativeTarget section */
		E6A97F3319FFB35400FA060A /* RememberRoad */ = {
			isa = PBXNativeTarget;
			buildConfigurationList = E6A97F5619FFB35400FA060A /* Build configuration list for PBXNativeTarget "RememberRoad" */;
			buildPhases = (
				E6A97F3019FFB35400FA060A /* Sources */,
				E6A97F3119FFB35400FA060A /* Frameworks */,
				E6A97F3219FFB35400FA060A /* Resources */,
			);
			buildRules = (
			);
			dependencies = (
			);
			name = RememberRoad;
			productName = RememberRoad;
			productReference = E6A97F3419FFB35400FA060A /* RememberRoad.app */;
			productType = "com.apple.product-type.application";
		};
		E6A97F4B19FFB35400FA060A /* RememberRoadTests */ = {
			isa = PBXNativeTarget;
			buildConfigurationList = E6A97F5919FFB35400FA060A /* Build configuration list for PBXNativeTarget "RememberRoadTests" */;
			buildPhases = (
				E6A97F4819FFB35400FA060A /* Sources */,
				E6A97F4919FFB35400FA060A /* Frameworks */,
				E6A97F4A19FFB35400FA060A /* Resources */,
			);
			buildRules = (
			);
			dependencies = (
				E6A97F4E19FFB35400FA060A /* PBXTargetDependency */,
			);
			name = RememberRoadTests;
			productName = RememberRoadTests;
			productReference = E6A97F4C19FFB35400FA060A /* RememberRoadTests.xctest */;
			productType = "com.apple.product-type.bundle.unit-test";
		};
/* End PBXNativeTarget section */

/* Begin PBXProject section */
		E6A97F2C19FFB35400FA060A /* Project object */ = {
			isa = PBXProject;
			attributes = {
				LastUpgradeCheck = 0610;
				ORGANIZATIONNAME = "王焕强";
				TargetAttributes = {
					E6A97F3319FFB35400FA060A = {
						CreatedOnToolsVersion = 6.1;
						SystemCapabilities = {
							com.apple.BackgroundModes = {
								enabled = 1;
							};
						};
					};
					E6A97F4B19FFB35400FA060A = {
						CreatedOnToolsVersion = 6.1;
						TestTargetID = E6A97F3319FFB35400FA060A;
					};
				};
			};
			buildConfigurationList = E6A97F2F19FFB35400FA060A /* Build configuration list for PBXProject "RememberRoad" */;
			compatibilityVersion = "Xcode 3.2";
			developmentRegion = English;
			hasScannedForEncodings = 0;
			knownRegions = (
				en,
				Base,
				"zh-Hans",
			);
			mainGroup = E6A97F2B19FFB35400FA060A;
			productRefGroup = E6A97F3519FFB35400FA060A /* Products */;
			projectDirPath = "";
			projectRoot = "";
			targets = (
				E6A97F3319FFB35400FA060A /* RememberRoad */,
				E6A97F4B19FFB35400FA060A /* RememberRoadTests */,
			);
		};
/* End PBXProject section */

/* Begin PBXResourcesBuildPhase section */
		E6A97F3219FFB35400FA060A /* Resources */ = {
			isa = PBXResourcesBuildPhase;
			buildActionMask = 2147483647;
			files = (
				E67EA43E1A2086E1004A9590 /* Icon_180.png in Resources */,
				E6BA55351A2178590015AD1D /* location_start.png in Resources */,
				E68278D91A22D40000779406 /* PanelOfGuide.xib in Resources */,
				E68278F11A23159F00779406 /* Map_Following.png in Resources */,
				E68A0CCF1A247BA90042B52E /* panle3.png in Resources */,
				E68A0CCE1A247BA90042B52E /* panle3_1.png in Resources */,
				E6BA55361A2178590015AD1D /* location_start@2x.png in Resources */,
				E6B7E3491A2C0650004CA582 /* stop_2.png in Resources */,
				E68A0CC91A246C460042B52E /* warning.png in Resources */,
				E68A0CD11A247C440042B52E /* panle3_2.png in Resources */,
				E61F4ABB1A29BA4900845AD9 /* Lanuch_640.png in Resources */,
				E61F4ABD1A29BA4900845AD9 /* Launch_750.png in Resources */,
				E68278D11A22D3DC00779406 /* ForkImage.png in Resources */,
				E6A97FC319FFBB6A00FA060A /* NZAlertView-Icons.bundle in Resources */,
				E68278E31A23040E00779406 /* call.png in Resources */,
				E68278E11A23004600779406 /* lose.png in Resources */,
				E6B7E34B1A2C0B6E004CA582 /* setting.png in Resources */,
				E67EA43B1A2086E1004A9590 /* Icon_80.png in Resources */,
				E68278D31A22D3DC00779406 /* Toronto, ON.jpg in Resources */,
				E68278E51A2307EC00779406 /* Icon_Navition.png in Resources */,
				E68278EF1A23159F00779406 /* Map_compass.png in Resources */,
				E68278EE1A23159F00779406 /* Map_ChangedMapType2.png in Resources */,
				E6A97F4219FFB35400FA060A /* Main.storyboard in Resources */,
				E67578291A21AE1100B78F77 /* phone@2x.png in Resources */,
				E6A97FC819FFBB6A00FA060A /* NZAlertView.xib in Resources */,
				E6EC556F1A3158A60002A5AD /* Localizable.strings in Resources */,
				E694E10B1A2431C700A11391 /* LocationAnnotation.png in Resources */,
				E67EA43A1A2086E1004A9590 /* Icon_58.png in Resources */,
				E6B7E3471A2C023E004CA582 /* go_2.png in Resources */,
				E68278D21A22D3DC00779406 /* HeaderImage.png in Resources */,
				E68278D01A22D3DC00779406 /* CheckMarkWhite.png in Resources */,
				E67EA43C1A2086E1004A9590 /* Icon_87.png in Resources */,
				E6EC555E1A3158430002A5AD /* LaunchScreen.xib in Resources */,
				E67EA43D1A2086E1004A9590 /* Icon_120.png in Resources */,
				E68278DA1A22D40000779406 /* PanelOfGuideHeader.xib in Resources */,
				E6EC55651A3158690002A5AD /* InfoPlist.strings in Resources */,
				E61F4ABC1A29BA4900845AD9 /* Launch_ 1242.png in Resources */,
				E67EA4401A208980004A9590 /* location.png in Resources */,
				E67578281A21AE1100B78F77 /* phone.png in Resources */,
				E68278F01A23159F00779406 /* Map_compass@2x.png in Resources */,
				E6BA55331A2178590015AD1D /* location_end.png in Resources */,
				E68278ED1A23159F00779406 /* Map_ChangedMapType1.png in Resources */,
				E6A97F4419FFB35400FA060A /* Images.xcassets in Resources */,
				E6BA55341A2178590015AD1D /* location_end@2x.png in Resources */,
				E68278F21A23159F00779406 /* Map_Following@2x.png in Resources */,
				E61F4ABE1A29BA4900845AD9 /* Launch_1136.png in Resources */,
			);
			runOnlyForDeploymentPostprocessing = 0;
		};
		E6A97F4A19FFB35400FA060A /* Resources */ = {
			isa = PBXResourcesBuildPhase;
			buildActionMask = 2147483647;
			files = (
			);
			runOnlyForDeploymentPostprocessing = 0;
		};
/* End PBXResourcesBuildPhase section */

/* Begin PBXSourcesBuildPhase section */
		E6A97F3019FFB35400FA060A /* Sources */ = {
			isa = PBXSourcesBuildPhase;
			buildActionMask = 2147483647;
			files = (
				E69BC2AF1A2210F200B0D17B /* ChineseString.m in Sources */,
				E6A97FC519FFBB6A00FA060A /* UIImage+Blur.m in Sources */,
				E6B288D81A14A7360053A845 /* CusMapOverlay.swift in Sources */,
				E68402001A21BE600045652B /* UIAlertView+Blocks.m in Sources */,
				E63EDEC31A10C3E300DC8C57 /* WayPoint.swift in Sources */,
				E6B7E34D1A2C0FFF004CA582 /* SettingViewController.swift in Sources */,
				E6A97F3F19FFB35400FA060A /* ViewController.swift in Sources */,
				E6A97F3D19FFB35400FA060A /* RememberRoad.xcdatamodeld in Sources */,
				E67EA4621A209309004A9590 /* GuidePageViewController.swift in Sources */,
				E6A97FBF19FFBB6A00FA060A /* CoreDataOperation.swift in Sources */,
				E6A97FC419FFBB6A00FA060A /* NZAlertView.m in Sources */,
				E68278D51A22D3DC00779406 /* MYBlurIntroductionView.m in Sources */,
				E6B607301A2DAAB10047C3CE /* ExtensionWithNSSting.swift in Sources */,
				E6BA553C1A217ED90015AD1D /* AddCusAnnotation.swift in Sources */,
				E69BC2B01A2210F200B0D17B /* pinyin.c in Sources */,
				E68278D41A22D3DC00779406 /* AMBlurView.m in Sources */,
				E63EDEC01A10B3EA00DC8C57 /* CLLocation+YCLocation.m in Sources */,
				E68278CF1A22D3DC00779406 /* CreateBlurIntroductionPlanels.m in Sources */,
				E68401FD1A21BE600045652B /* BOAlertController.m in Sources */,
				E6A97FC619FFBB6A00FA060A /* UIImage+ImageWithColor.m in Sources */,
				E68401FF1A21BE600045652B /* UIActionSheet+Blocks.m in Sources */,
				E63EDEC11A10B3EA00DC8C57 /* CustomLoction.swift in Sources */,
				E675782C1A21AF5000B78F77 /* LogInToolClass.swift in Sources */,
				E6A97F3A19FFB35400FA060A /* AppDelegate.swift in Sources */,
				E6A97FC719FFBB6A00FA060A /* UIImage+Screenshot.m in Sources */,
				E68278D61A22D3DC00779406 /* MYIntroductionPanel.m in Sources */,
				E6A97FC219FFBB6A00FA060A /* UIColor+StyleColor.m in Sources */,
				E6A0D1531A13237B00CCCFE7 /* MapOperation.swift in Sources */,
				E68A0CC71A2467BA0042B52E /* CallWIthOneKeyClass.swift in Sources */,
				E6A97FC119FFBB6A00FA060A /* Reachability.m in Sources */,
				E6F314251A020EDA0003CA9F /* UserCoreDataManage.swift in Sources */,
				E6A97FC019FFBB6A00FA060A /* DetectionNetworkStatus.m in Sources */,
				E68401FE1A21BE600045652B /* RIButtonItem.m in Sources */,
				E68401F31A21BD980045652B /* ShowAddressBookTableView.swift in Sources */,
				E68401F01A21B9540045652B /* GainAddressBookClass.swift in Sources */,
			);
			runOnlyForDeploymentPostprocessing = 0;
		};
		E6A97F4819FFB35400FA060A /* Sources */ = {
			isa = PBXSourcesBuildPhase;
			buildActionMask = 2147483647;
			files = (
				E6A97F5319FFB35400FA060A /* RememberRoadTests.swift in Sources */,
			);
			runOnlyForDeploymentPostprocessing = 0;
		};
/* End PBXSourcesBuildPhase section */

/* Begin PBXTargetDependency section */
		E6A97F4E19FFB35400FA060A /* PBXTargetDependency */ = {
			isa = PBXTargetDependency;
			target = E6A97F3319FFB35400FA060A /* RememberRoad */;
			targetProxy = E6A97F4D19FFB35400FA060A /* PBXContainerItemProxy */;
		};
/* End PBXTargetDependency section */

/* Begin PBXVariantGroup section */
		E6A97F4019FFB35400FA060A /* Main.storyboard */ = {
			isa = PBXVariantGroup;
			children = (
				E6A97F4119FFB35400FA060A /* Base */,
				E6EC55571A3156F90002A5AD /* zh-Hans */,
				E6EC55591A3157100002A5AD /* en */,
			);
			name = Main.storyboard;
			sourceTree = "<group>";
		};
		E6EC55601A3158430002A5AD /* LaunchScreen.xib */ = {
			isa = PBXVariantGroup;
			children = (
				E6EC55621A31584A0002A5AD /* zh-Hans */,
				E6EC55631A31584F0002A5AD /* Base */,
				E6EC55641A3158540002A5AD /* en */,
			);
			name = LaunchScreen.xib;
			sourceTree = "<group>";
		};
		E6EC55671A3158690002A5AD /* InfoPlist.strings */ = {
			isa = PBXVariantGroup;
			children = (
				E6EC55691A31586E0002A5AD /* zh-Hans */,
				E6EC55741A3158BA0002A5AD /* en */,
				E6EC55761A3158D60002A5AD /* Base */,
			);
			name = InfoPlist.strings;
			sourceTree = "<group>";
		};
		E6EC55711A3158A60002A5AD /* Localizable.strings */ = {
			isa = PBXVariantGroup;
			children = (
				E6EC55721A3158A70002A5AD /* en */,
				E6EC55731A3158A80002A5AD /* zh-Hans */,
				E6EC55751A3158D10002A5AD /* Base */,
			);
			name = Localizable.strings;
			sourceTree = "<group>";
		};
/* End PBXVariantGroup section */

/* Begin XCBuildConfiguration section */
		E6A97F5419FFB35400FA060A /* Debug */ = {
			isa = XCBuildConfiguration;
			buildSettings = {
				ALWAYS_SEARCH_USER_PATHS = NO;
				CLANG_CXX_LANGUAGE_STANDARD = "gnu++0x";
				CLANG_CXX_LIBRARY = "libc++";
				CLANG_ENABLE_MODULES = YES;
				CLANG_ENABLE_OBJC_ARC = YES;
				CLANG_WARN_BOOL_CONVERSION = YES;
				CLANG_WARN_CONSTANT_CONVERSION = YES;
				CLANG_WARN_DIRECT_OBJC_ISA_USAGE = YES_ERROR;
				CLANG_WARN_EMPTY_BODY = YES;
				CLANG_WARN_ENUM_CONVERSION = YES;
				CLANG_WARN_INT_CONVERSION = YES;
				CLANG_WARN_OBJC_ROOT_CLASS = YES_ERROR;
				CLANG_WARN_UNREACHABLE_CODE = YES;
				CLANG_WARN__DUPLICATE_METHOD_MATCH = YES;
				"CODE_SIGN_IDENTITY[sdk=iphoneos*]" = "iPhone Developer";
				COPY_PHASE_STRIP = NO;
				ENABLE_STRICT_OBJC_MSGSEND = YES;
				GCC_C_LANGUAGE_STANDARD = gnu99;
				GCC_DYNAMIC_NO_PIC = NO;
				GCC_OPTIMIZATION_LEVEL = 0;
				GCC_PREPROCESSOR_DEFINITIONS = (
					"DEBUG=1",
					"$(inherited)",
				);
				GCC_SYMBOLS_PRIVATE_EXTERN = NO;
				GCC_WARN_64_TO_32_BIT_CONVERSION = YES;
				GCC_WARN_ABOUT_RETURN_TYPE = YES_ERROR;
				GCC_WARN_UNDECLARED_SELECTOR = YES;
				GCC_WARN_UNINITIALIZED_AUTOS = YES_AGGRESSIVE;
				GCC_WARN_UNUSED_FUNCTION = YES;
				GCC_WARN_UNUSED_VARIABLE = YES;
				IPHONEOS_DEPLOYMENT_TARGET = 8.1;
				MTL_ENABLE_DEBUG_INFO = YES;
				ONLY_ACTIVE_ARCH = YES;
				SDKROOT = iphoneos;
				SWIFT_OPTIMIZATION_LEVEL = "-Onone";
			};
			name = Debug;
		};
		E6A97F5519FFB35400FA060A /* Release */ = {
			isa = XCBuildConfiguration;
			buildSettings = {
				ALWAYS_SEARCH_USER_PATHS = NO;
				CLANG_CXX_LANGUAGE_STANDARD = "gnu++0x";
				CLANG_CXX_LIBRARY = "libc++";
				CLANG_ENABLE_MODULES = YES;
				CLANG_ENABLE_OBJC_ARC = YES;
				CLANG_WARN_BOOL_CONVERSION = YES;
				CLANG_WARN_CONSTANT_CONVERSION = YES;
				CLANG_WARN_DIRECT_OBJC_ISA_USAGE = YES_ERROR;
				CLANG_WARN_EMPTY_BODY = YES;
				CLANG_WARN_ENUM_CONVERSION = YES;
				CLANG_WARN_INT_CONVERSION = YES;
				CLANG_WARN_OBJC_ROOT_CLASS = YES_ERROR;
				CLANG_WARN_UNREACHABLE_CODE = YES;
				CLANG_WARN__DUPLICATE_METHOD_MATCH = YES;
				"CODE_SIGN_IDENTITY[sdk=iphoneos*]" = "iPhone Developer";
				COPY_PHASE_STRIP = YES;
				ENABLE_NS_ASSERTIONS = NO;
				ENABLE_STRICT_OBJC_MSGSEND = YES;
				GCC_C_LANGUAGE_STANDARD = gnu99;
				GCC_WARN_64_TO_32_BIT_CONVERSION = YES;
				GCC_WARN_ABOUT_RETURN_TYPE = YES_ERROR;
				GCC_WARN_UNDECLARED_SELECTOR = YES;
				GCC_WARN_UNINITIALIZED_AUTOS = YES_AGGRESSIVE;
				GCC_WARN_UNUSED_FUNCTION = YES;
				GCC_WARN_UNUSED_VARIABLE = YES;
				IPHONEOS_DEPLOYMENT_TARGET = 8.1;
				MTL_ENABLE_DEBUG_INFO = NO;
				SDKROOT = iphoneos;
				VALIDATE_PRODUCT = YES;
			};
			name = Release;
		};
		E6A97F5719FFB35400FA060A /* Debug */ = {
			isa = XCBuildConfiguration;
			buildSettings = {
				ASSETCATALOG_COMPILER_APPICON_NAME = AppIcon;
				ASSETCATALOG_COMPILER_LAUNCHIMAGE_NAME = LaunchImage;
				CLANG_ENABLE_MODULES = YES;
				CODE_SIGN_IDENTITY = "iPhone Developer";
				INFOPLIST_FILE = RememberRoad/Info.plist;
				IPHONEOS_DEPLOYMENT_TARGET = 7.0;
				LD_RUNPATH_SEARCH_PATHS = "$(inherited) @executable_path/Frameworks";
				LIBRARY_SEARCH_PATHS = (
					"$(inherited)",
					"$(PROJECT_DIR)/Funcation/AdMob",
				);
				OTHER_LDFLAGS = "-ObjC";
				PRODUCT_NAME = "$(TARGET_NAME)";
				SWIFT_OBJC_BRIDGING_HEADER = "RememberRoad/RememberRoad-Bridging-Header.h";
				SWIFT_OPTIMIZATION_LEVEL = "-Onone";
			};
			name = Debug;
		};
		E6A97F5819FFB35400FA060A /* Release */ = {
			isa = XCBuildConfiguration;
			buildSettings = {
				ASSETCATALOG_COMPILER_APPICON_NAME = AppIcon;
				ASSETCATALOG_COMPILER_LAUNCHIMAGE_NAME = LaunchImage;
				CLANG_ENABLE_MODULES = YES;
				CODE_SIGN_IDENTITY = "iPhone Developer";
				INFOPLIST_FILE = RememberRoad/Info.plist;
				IPHONEOS_DEPLOYMENT_TARGET = 7.0;
				LD_RUNPATH_SEARCH_PATHS = "$(inherited) @executable_path/Frameworks";
				LIBRARY_SEARCH_PATHS = (
					"$(inherited)",
					"$(PROJECT_DIR)/Funcation/AdMob",
				);
				OTHER_LDFLAGS = "-ObjC";
				PRODUCT_NAME = "$(TARGET_NAME)";
				SWIFT_OBJC_BRIDGING_HEADER = "RememberRoad/RememberRoad-Bridging-Header.h";
			};
			name = Release;
		};
		E6A97F5A19FFB35400FA060A /* Debug */ = {
			isa = XCBuildConfiguration;
			buildSettings = {
				BUNDLE_LOADER = "$(TEST_HOST)";
				FRAMEWORK_SEARCH_PATHS = (
					"$(SDKROOT)/Developer/Library/Frameworks",
					"$(inherited)",
				);
				GCC_PREPROCESSOR_DEFINITIONS = (
					"DEBUG=1",
					"$(inherited)",
				);
				INFOPLIST_FILE = RememberRoadTests/Info.plist;
				LD_RUNPATH_SEARCH_PATHS = "$(inherited) @executable_path/Frameworks @loader_path/Frameworks";
				PRODUCT_NAME = "$(TARGET_NAME)";
				TEST_HOST = "$(BUILT_PRODUCTS_DIR)/RememberRoad.app/RememberRoad";
			};
			name = Debug;
		};
		E6A97F5B19FFB35400FA060A /* Release */ = {
			isa = XCBuildConfiguration;
			buildSettings = {
				BUNDLE_LOADER = "$(TEST_HOST)";
				FRAMEWORK_SEARCH_PATHS = (
					"$(SDKROOT)/Developer/Library/Frameworks",
					"$(inherited)",
				);
				INFOPLIST_FILE = RememberRoadTests/Info.plist;
				LD_RUNPATH_SEARCH_PATHS = "$(inherited) @executable_path/Frameworks @loader_path/Frameworks";
				PRODUCT_NAME = "$(TARGET_NAME)";
				TEST_HOST = "$(BUILT_PRODUCTS_DIR)/RememberRoad.app/RememberRoad";
			};
			name = Release;
		};
/* End XCBuildConfiguration section */

/* Begin XCConfigurationList section */
		E6A97F2F19FFB35400FA060A /* Build configuration list for PBXProject "RememberRoad" */ = {
			isa = XCConfigurationList;
			buildConfigurations = (
				E6A97F5419FFB35400FA060A /* Debug */,
				E6A97F5519FFB35400FA060A /* Release */,
			);
			defaultConfigurationIsVisible = 0;
			defaultConfigurationName = Release;
		};
		E6A97F5619FFB35400FA060A /* Build configuration list for PBXNativeTarget "RememberRoad" */ = {
			isa = XCConfigurationList;
			buildConfigurations = (
				E6A97F5719FFB35400FA060A /* Debug */,
				E6A97F5819FFB35400FA060A /* Release */,
			);
			defaultConfigurationIsVisible = 0;
			defaultConfigurationName = Release;
		};
		E6A97F5919FFB35400FA060A /* Build configuration list for PBXNativeTarget "RememberRoadTests" */ = {
			isa = XCConfigurationList;
			buildConfigurations = (
				E6A97F5A19FFB35400FA060A /* Debug */,
				E6A97F5B19FFB35400FA060A /* Release */,
			);
			defaultConfigurationIsVisible = 0;
			defaultConfigurationName = Release;
		};
/* End XCConfigurationList section */

/* Begin XCVersionGroup section */
		E6A97F3B19FFB35400FA060A /* RememberRoad.xcdatamodeld */ = {
			isa = XCVersionGroup;
			children = (
				E6A97F3C19FFB35400FA060A /* RememberRoad.xcdatamodel */,
			);
			currentVersion = E6A97F3C19FFB35400FA060A /* RememberRoad.xcdatamodel */;
			path = RememberRoad.xcdatamodeld;
			sourceTree = "<group>";
			versionGroupType = wrapper.xcdatamodel;
		};
/* End XCVersionGroup section */
	};
	rootObject = E6A97F2C19FFB35400FA060A /* Project object */;
}
